{
  "originHash" : "8666968c14eea5d3d867e097a54e233399de0a4637141fa8d9e6ad4f7ab6753f",
  "pins" : [
    {
      "identity" : "swift-argument-parser",
      "kind" : "remoteSourceControl",
      "location" : "https://github.com/apple/swift-argument-parser.git",
      "state" : {
        "revision" : "41982a3656a71c768319979febd796c6fd111d5c",
        "version" : "1.5.0"
      }
    },
    {
      "identity" : "swift-safe-pointer",
      "kind" : "remoteSourceControl",
      "location" : "https://github.com/RougeWare/Swift-Safe-Pointer",
      "state" : {
        "revision" : "a71a39d19275d90e13f362c3d23163dc41318d85",
        "version" : "2.1.3"
      }
    },
    {
      "identity" : "uuidtools",
      "kind" : "remoteSourceControl",
      "location" : "https://github.com/RougeWare/UuidTools.git",
      "state" : {
        "revision" : "dbd634bbdda3e2b3b428eb6580f6244585b99652",
        "version" : "0.2.1"
      }
    }
  ],
  "version" : 3
}
